
Microsoft Visual Studio Solution File, Format Version 12.00
# Visual Studio Version 17
VisualStudioVersion = 17.8.34330.188
MinimumVisualStudioVersion = 10.0.40219.1
Project("{FAE04EC0-301F-11D3-BF4B-00C04F79EFBC}") = "Niias.Test.Console", "Niias.Test.Console\Niias.Test.Console.csproj", "{02D106E8-CD03-4F0F-AF63-46D56FAE366A}"
EndProject
Project("{FAE04EC0-301F-11D3-BF4B-00C04F79EFBC}") = "Niias.Test.Model", "Niias.Test.Model\Niias.Test.Model.csproj", "{A8383A9F-0DEB-4BB1-A827-7EBF1BD7A0AE}"
EndProject
Project("{FAE04EC0-301F-11D3-BF4B-00C04F79EFBC}") = "TestProject", "TestProject\TestProject.csproj", "{DD1DD4D7-68AF-4C36-99D8-F5C14383875C}"
EndProject
Global
	GlobalSection(SolutionConfigurationPlatforms) = preSolution
		Debug|Any CPU = Debug|Any CPU
		Release|Any CPU = Release|Any CPU
	EndGlobalSection
	GlobalSection(ProjectConfigurationPlatforms) = postSolution
		{02D106E8-CD03-4F0F-AF63-46D56FAE366A}.Debug|Any CPU.ActiveCfg = Debug|Any CPU
		{02D106E8-CD03-4F0F-AF63-46D56FAE366A}.Debug|Any CPU.Build.0 = Debug|Any CPU
		{02D106E8-CD03-4F0F-AF63-46D56FAE366A}.Release|Any CPU.ActiveCfg = Release|Any CPU
		{02D106E8-CD03-4F0F-AF63-46D56FAE366A}.Release|Any CPU.Build.0 = Release|Any CPU
		{A8383A9F-0DEB-4BB1-A827-7EBF1BD7A0AE}.Debug|Any CPU.ActiveCfg = Debug|Any CPU
		{A8383A9F-0DEB-4BB1-A827-7EBF1BD7A0AE}.Debug|Any CPU.Build.0 = Debug|Any CPU
		{A8383A9F-0DEB-4BB1-A827-7EBF1BD7A0AE}.Release|Any CPU.ActiveCfg = Release|Any CPU
		{A8383A9F-0DEB-4BB1-A827-7EBF1BD7A0AE}.Release|Any CPU.Build.0 = Release|Any CPU
		{DD1DD4D7-68AF-4C36-99D8-F5C14383875C}.Debug|Any CPU.ActiveCfg = Debug|Any CPU
		{DD1DD4D7-68AF-4C36-99D8-F5C14383875C}.Debug|Any CPU.Build.0 = Debug|Any CPU
		{DD1DD4D7-68AF-4C36-99D8-F5C14383875C}.Release|Any CPU.ActiveCfg = Release|Any CPU
		{DD1DD4D7-68AF-4C36-99D8-F5C14383875C}.Release|Any CPU.Build.0 = Release|Any CPU
	EndGlobalSection
	GlobalSection(SolutionProperties) = preSolution
		HideSolutionNode = FALSE
	EndGlobalSection
	GlobalSection(ExtensibilityGlobals) = postSolution
		SolutionGuid = {C69C140D-9C1B-4A4A-B4E3-C00D44E027FB}
	EndGlobalSection
EndGlobal
